
Microsoft Visual Studio Solution File, Format Version 12.00
# Visual Studio Version 16
VisualStudioVersion = 16.0.30204.135
MinimumVisualStudioVersion = 10.0.40219.1
Project("{FAE04EC0-301F-11D3-BF4B-00C04F79EFBC}") = "CodeTestRjnm", "CodeTestRjnm.csproj", "{EABB28EC-0F8A-4D7C-9D7E-EB552A4FC20B}"
EndProject
Global
	GlobalSection(SolutionConfigurationPlatforms) = preSolution
		Debug|Any CPU = Debug|Any CPU
		Release|Any CPU = Release|Any CPU
	EndGlobalSection
	GlobalSection(ProjectConfigurationPlatforms) = postSolution
		{EABB28EC-0F8A-4D7C-9D7E-EB552A4FC20B}.Debug|Any CPU.ActiveCfg = Debug|Any CPU
		{EABB28EC-0F8A-4D7C-9D7E-EB552A4FC20B}.Debug|Any CPU.Build.0 = Debug|Any CPU
		{EABB28EC-0F8A-4D7C-9D7E-EB552A4FC20B}.Release|Any CPU.ActiveCfg = Release|Any CPU
		{EABB28EC-0F8A-4D7C-9D7E-EB552A4FC20B}.Release|Any CPU.Build.0 = Release|Any CPU
	EndGlobalSection
	GlobalSection(SolutionProperties) = preSolution
		HideSolutionNode = FALSE
	EndGlobalSection
	GlobalSection(ExtensibilityGlobals) = postSolution
		SolutionGuid = {E788724A-EBAD-47F7-9021-910C5E2A24AF}
	EndGlobalSection
EndGlobal
